// !$*UTF8*$!
{
	archiveVersion = 1;
	classes = {
	};
	objectVersion = 50;
	objects = {

/* Begin PBXBuildFile section */
		C11F4A7120A3675C00103607 /* GhostViewController.swift in Sources */ = {isa = PBXBuildFile; fileRef = C11F4A7020A3675C00103607 /* GhostViewController.swift */; };
		C11F4A7320A3747E00103607 /* ABCViewController.swift in Sources */ = {isa = PBXBuildFile; fileRef = C11F4A7220A3747E00103607 /* ABCViewController.swift */; };
		C14C200E20A2809B008CE960 /* AppDelegate.swift in Sources */ = {isa = PBXBuildFile; fileRef = C14C200D20A2809B008CE960 /* AppDelegate.swift */; };
		C14C201320A2809B008CE960 /* Main.storyboard in Resources */ = {isa = PBXBuildFile; fileRef = C14C201120A2809B008CE960 /* Main.storyboard */; };
		C14C201520A2809C008CE960 /* Assets.xcassets in Resources */ = {isa = PBXBuildFile; fileRef = C14C201420A2809C008CE960 /* Assets.xcassets */; };
		C14C201820A2809C008CE960 /* LaunchScreen.storyboard in Resources */ = {isa = PBXBuildFile; fileRef = C14C201620A2809C008CE960 /* LaunchScreen.storyboard */; };
		C15E574420A8A8BF00D75DF2 /* AgeGroupPopupViewController.swift in Sources */ = {isa = PBXBuildFile; fileRef = C15E574320A8A8BF00D75DF2 /* AgeGroupPopupViewController.swift */; };
		C197E66020A50BB1009C9EB4 /* WYRViewController.swift in Sources */ = {isa = PBXBuildFile; fileRef = C197E65F20A50BB1009C9EB4 /* WYRViewController.swift */; };
		C197E66220A5156F009C9EB4 /* TruthsAndLiesViewController.swift in Sources */ = {isa = PBXBuildFile; fileRef = C197E66120A5156F009C9EB4 /* TruthsAndLiesViewController.swift */; };
/* End PBXBuildFile section */

/* Begin PBXFileReference section */
		C11F4A7020A3675C00103607 /* GhostViewController.swift */ = {isa = PBXFileReference; lastKnownFileType = sourcecode.swift; path = GhostViewController.swift; sourceTree = "<group>"; };
		C11F4A7220A3747E00103607 /* ABCViewController.swift */ = {isa = PBXFileReference; lastKnownFileType = sourcecode.swift; path = ABCViewController.swift; sourceTree = "<group>"; };
		C14C200A20A2809B008CE960 /* Bored Games.app */ = {isa = PBXFileReference; explicitFileType = wrapper.application; includeInIndex = 0; path = "Bored Games.app"; sourceTree = BUILT_PRODUCTS_DIR; };
		C14C200D20A2809B008CE960 /* AppDelegate.swift */ = {isa = PBXFileReference; lastKnownFileType = sourcecode.swift; path = AppDelegate.swift; sourceTree = "<group>"; };
		C14C201220A2809B008CE960 /* Base */ = {isa = PBXFileReference; lastKnownFileType = file.storyboard; name = Base; path = Base.lproj/Main.storyboard; sourceTree = "<group>"; };
		C14C201420A2809C008CE960 /* Assets.xcassets */ = {isa = PBXFileReference; lastKnownFileType = folder.assetcatalog; path = Assets.xcassets; sourceTree = "<group>"; };
		C14C201720A2809C008CE960 /* Base */ = {isa = PBXFileReference; lastKnownFileType = file.storyboard; name = Base; path = Base.lproj/LaunchScreen.storyboard; sourceTree = "<group>"; };
		C14C201920A2809C008CE960 /* Info.plist */ = {isa = PBXFileReference; lastKnownFileType = text.plist.xml; path = Info.plist; sourceTree = "<group>"; };
		C15E574320A8A8BF00D75DF2 /* AgeGroupPopupViewController.swift */ = {isa = PBXFileReference; lastKnownFileType = sourcecode.swift; path = AgeGroupPopupViewController.swift; sourceTree = "<group>"; };
		C197E65F20A50BB1009C9EB4 /* WYRViewController.swift */ = {isa = PBXFileReference; lastKnownFileType = sourcecode.swift; path = WYRViewController.swift; sourceTree = "<group>"; };
		C197E66120A5156F009C9EB4 /* TruthsAndLiesViewController.swift */ = {isa = PBXFileReference; lastKnownFileType = sourcecode.swift; path = TruthsAndLiesViewController.swift; sourceTree = "<group>"; };
/* End PBXFileReference section */

/* Begin PBXFrameworksBuildPhase section */
		C14C200720A2809B008CE960 /* Frameworks */ = {
			isa = PBXFrameworksBuildPhase;
			buildActionMask = 2147483647;
			files = (
			);
			runOnlyForDeploymentPostprocessing = 0;
		};
/* End PBXFrameworksBuildPhase section */

/* Begin PBXGroup section */
		C14C200120A2809B008CE960 = {
			isa = PBXGroup;
			children = (
				C14C200C20A2809B008CE960 /* Bored Games */,
				C14C200B20A2809B008CE960 /* Products */,
			);
			sourceTree = "<group>";
		};
		C14C200B20A2809B008CE960 /* Products */ = {
			isa = PBXGroup;
			children = (
				C14C200A20A2809B008CE960 /* Bored Games.app */,
			);
			name = Products;
			sourceTree = "<group>";
		};
		C14C200C20A2809B008CE960 /* Bored Games */ = {
			isa = PBXGroup;
			children = (
				C14C200D20A2809B008CE960 /* AppDelegate.swift */,
				C197E65F20A50BB1009C9EB4 /* WYRViewController.swift */,
				C197E66120A5156F009C9EB4 /* TruthsAndLiesViewController.swift */,
				C11F4A7220A3747E00103607 /* ABCViewController.swift */,
				C11F4A7020A3675C00103607 /* GhostViewController.swift */,
				C15E574320A8A8BF00D75DF2 /* AgeGroupPopupViewController.swift */,
				C14C201120A2809B008CE960 /* Main.storyboard */,
				C14C201420A2809C008CE960 /* Assets.xcassets */,
				C14C201620A2809C008CE960 /* LaunchScreen.storyboard */,
				C14C201920A2809C008CE960 /* Info.plist */,
			);
			path = "Bored Games";
			sourceTree = "<group>";
		};
/* End PBXGroup section */

/* Begin PBXNativeTarget section */
		C14C200920A2809B008CE960 /* Bored Games */ = {
			isa = PBXNativeTarget;
			buildConfigurationList = C14C201C20A2809C008CE960 /* Build configuration list for PBXNativeTarget "Bored Games" */;
			buildPhases = (
				C14C200620A2809B008CE960 /* Sources */,
				C14C200720A2809B008CE960 /* Frameworks */,
				C14C200820A2809B008CE960 /* Resources */,
			);
			buildRules = (
			);
			dependencies = (
			);
			name = "Bored Games";
			productName = "Bored Games";
			productReference = C14C200A20A2809B008CE960 /* Bored Games.app */;
			productType = "com.apple.product-type.application";
		};
/* End PBXNativeTarget section */

/* Begin PBXProject section */
		C14C200220A2809B008CE960 /* Project object */ = {
			isa = PBXProject;
			attributes = {
				LastSwiftUpdateCheck = 0930;
				LastUpgradeCheck = 0930;
				ORGANIZATIONNAME = MaddGaming;
				TargetAttributes = {
					C14C200920A2809B008CE960 = {
						CreatedOnToolsVersion = 9.3;
					};
				};
			};
			buildConfigurationList = C14C200520A2809B008CE960 /* Build configuration list for PBXProject "Bored Games" */;
			compatibilityVersion = "Xcode 9.3";
			developmentRegion = en;
			hasScannedForEncodings = 0;
			knownRegions = (
				en,
				Base,
			);
			mainGroup = C14C200120A2809B008CE960;
			productRefGroup = C14C200B20A2809B008CE960 /* Products */;
			projectDirPath = "";
			projectRoot = "";
			targets = (
				C14C200920A2809B008CE960 /* Bored Games */,
			);
		};
/* End PBXProject section */

/* Begin PBXResourcesBuildPhase section */
		C14C200820A2809B008CE960 /* Resources */ = {
			isa = PBXResourcesBuildPhase;
			buildActionMask = 2147483647;
			files = (
				C14C201820A2809C008CE960 /* LaunchScreen.storyboard in Resources */,
				C14C201520A2809C008CE960 /* Assets.xcassets in Resources */,
				C14C201320A2809B008CE960 /* Main.storyboard in Resources */,
			);
			runOnlyForDeploymentPostprocessing = 0;
		};
/* End PBXResourcesBuildPhase section */

/* Begin PBXSourcesBuildPhase section */
		C14C200620A2809B008CE960 /* Sources */ = {
			isa = PBXSourcesBuildPhase;
			buildActionMask = 2147483647;
			files = (
				C11F4A7320A3747E00103607 /* ABCViewController.swift in Sources */,
				C11F4A7120A3675C00103607 /* GhostViewController.swift in Sources */,
				C197E66220A5156F009C9EB4 /* TruthsAndLiesViewController.swift in Sources */,
				C14C200E20A2809B008CE960 /* AppDelegate.swift in Sources */,
				C197E66020A50BB1009C9EB4 /* WYRViewController.swift in Sources */,
				C15E574420A8A8BF00D75DF2 /* AgeGroupPopupViewController.swift in Sources */,
			);
			runOnlyForDeploymentPostprocessing = 0;
		};
/* End PBXSourcesBuildPhase section */

/* Begin PBXVariantGroup section */
		C14C201120A2809B008CE960 /* Main.storyboard */ = {
			isa = PBXVariantGroup;
			children = (
				C14C201220A2809B008CE960 /* Base */,
			);
			name = Main.storyboard;
			sourceTree = "<group>";
		};
		C14C201620A2809C008CE960 /* LaunchScreen.storyboard */ = {
			isa = PBXVariantGroup;
			children = (
				C14C201720A2809C008CE960 /* Base */,
			);
			name = LaunchScreen.storyboard;
			sourceTree = "<group>";
		};
/* End PBXVariantGroup section */

/* Begin XCBuildConfiguration section */
		C14C201A20A2809C008CE960 /* Debug */ = {
			isa = XCBuildConfiguration;
			buildSettings = {
				ALWAYS_SEARCH_USER_PATHS = NO;
				CLANG_ANALYZER_NONNULL = YES;
				CLANG_ANALYZER_NUMBER_OBJECT_CONVERSION = YES_AGGRESSIVE;
				CLANG_CXX_LANGUAGE_STANDARD = "gnu++14";
				CLANG_CXX_LIBRARY = "libc++";
				CLANG_ENABLE_MODULES = YES;
				CLANG_ENABLE_OBJC_ARC = YES;
				CLANG_ENABLE_OBJC_WEAK = YES;
				CLANG_WARN_BLOCK_CAPTURE_AUTORELEASING = YES;
				CLANG_WARN_BOOL_CONVERSION = YES;
				CLANG_WARN_COMMA = YES;
				CLANG_WARN_CONSTANT_CONVERSION = YES;
				CLANG_WARN_DEPRECATED_OBJC_IMPLEMENTATIONS = YES;
				CLANG_WARN_DIRECT_OBJC_ISA_USAGE = YES_ERROR;
				CLANG_WARN_DOCUMENTATION_COMMENTS = YES;
				CLANG_WARN_EMPTY_BODY = YES;
				CLANG_WARN_ENUM_CONVERSION = YES;
				CLANG_WARN_INFINITE_RECURSION = YES;
				CLANG_WARN_INT_CONVERSION = YES;
				CLANG_WARN_NON_LITERAL_NULL_CONVERSION = YES;
				CLANG_WARN_OBJC_IMPLICIT_RETAIN_SELF = YES;
				CLANG_WARN_OBJC_LITERAL_CONVERSION = YES;
				CLANG_WARN_OBJC_ROOT_CLASS = YES_ERROR;
				CLANG_WARN_RANGE_LOOP_ANALYSIS = YES;
				CLANG_WARN_STRICT_PROTOTYPES = YES;
				CLANG_WARN_SUSPICIOUS_MOVE = YES;
				CLANG_WARN_UNGUARDED_AVAILABILITY = YES_AGGRESSIVE;
				CLANG_WARN_UNREACHABLE_CODE = YES;
				CLANG_WARN__DUPLICATE_METHOD_MATCH = YES;
				CODE_SIGN_IDENTITY = "iPhone Developer";
				COPY_PHASE_STRIP = NO;
				DEBUG_INFORMATION_FORMAT = dwarf;
				ENABLE_STRICT_OBJC_MSGSEND = YES;
				ENABLE_TESTABILITY = YES;
				GCC_C_LANGUAGE_STANDARD = gnu11;
				GCC_DYNAMIC_NO_PIC = NO;
				GCC_NO_COMMON_BLOCKS = YES;
				GCC_OPTIMIZATION_LEVEL = 0;
				GCC_PREPROCESSOR_DEFINITIONS = (
					"DEBUG=1",
					"$(inherited)",
				);
				GCC_WARN_64_TO_32_BIT_CONVERSION = YES;
				GCC_WARN_ABOUT_RETURN_TYPE = YES_ERROR;
				GCC_WARN_UNDECLARED_SELECTOR = YES;
				GCC_WARN_UNINITIALIZED_AUTOS = YES_AGGRESSIVE;
				GCC_WARN_UNUSED_FUNCTION = YES;
				GCC_WARN_UNUSED_VARIABLE = YES;
				IPHONEOS_DEPLOYMENT_TARGET = 11.3;
				MTL_ENABLE_DEBUG_INFO = YES;
				ONLY_ACTIVE_ARCH = YES;
				SDKROOT = iphoneos;
				SWIFT_ACTIVE_COMPILATION_CONDITIONS = DEBUG;
				SWIFT_OPTIMIZATION_LEVEL = "-Onone";
			};
			name = Debug;
		};
		C14C201B20A2809C008CE960 /* Release */ = {
			isa = XCBuildConfiguration;
			buildSettings = {
				ALWAYS_SEARCH_USER_PATHS = NO;
				CLANG_ANALYZER_NONNULL = YES;
				CLANG_ANALYZER_NUMBER_OBJECT_CONVERSION = YES_AGGRESSIVE;
				CLANG_CXX_LANGUAGE_STANDARD = "gnu++14";
				CLANG_CXX_LIBRARY = "libc++";
				CLANG_ENABLE_MODULES = YES;
				CLANG_ENABLE_OBJC_ARC = YES;
				CLANG_ENABLE_OBJC_WEAK = YES;
				CLANG_WARN_BLOCK_CAPTURE_AUTORELEASING = YES;
				CLANG_WARN_BOOL_CONVERSION = YES;
				CLANG_WARN_COMMA = YES;
				CLANG_WARN_CONSTANT_CONVERSION = YES;
				CLANG_WARN_DEPRECATED_OBJC_IMPLEMENTATIONS = YES;
				CLANG_WARN_DIRECT_OBJC_ISA_USAGE = YES_ERROR;
				CLANG_WARN_DOCUMENTATION_COMMENTS = YES;
				CLANG_WARN_EMPTY_BODY = YES;
				CLANG_WARN_ENUM_CONVERSION = YES;
				CLANG_WARN_INFINITE_RECURSION = YES;
				CLANG_WARN_INT_CONVERSION = YES;
				CLANG_WARN_NON_LITERAL_NULL_CONVERSION = YES;
				CLANG_WARN_OBJC_IMPLICIT_RETAIN_SELF = YES;
				CLANG_WARN_OBJC_LITERAL_CONVERSION = YES;
				CLANG_WARN_OBJC_ROOT_CLASS = YES_ERROR;
				CLANG_WARN_RANGE_LOOP_ANALYSIS = YES;
				CLANG_WARN_STRICT_PROTOTYPES = YES;
				CLANG_WARN_SUSPICIOUS_MOVE = YES;
				CLANG_WARN_UNGUARDED_AVAILABILITY = YES_AGGRESSIVE;
				CLANG_WARN_UNREACHABLE_CODE = YES;
				CLANG_WARN__DUPLICATE_METHOD_MATCH = YES;
				CODE_SIGN_IDENTITY = "iPhone Developer";
				COPY_PHASE_STRIP = NO;
				DEBUG_INFORMATION_FORMAT = "dwarf-with-dsym";
				ENABLE_NS_ASSERTIONS = NO;
				ENABLE_STRICT_OBJC_MSGSEND = YES;
				GCC_C_LANGUAGE_STANDARD = gnu11;
				GCC_NO_COMMON_BLOCKS = YES;
				GCC_WARN_64_TO_32_BIT_CONVERSION = YES;
				GCC_WARN_ABOUT_RETURN_TYPE = YES_ERROR;
				GCC_WARN_UNDECLARED_SELECTOR = YES;
				GCC_WARN_UNINITIALIZED_AUTOS = YES_AGGRESSIVE;
				GCC_WARN_UNUSED_FUNCTION = YES;
				GCC_WARN_UNUSED_VARIABLE = YES;
				IPHONEOS_DEPLOYMENT_TARGET = 11.3;
				MTL_ENABLE_DEBUG_INFO = NO;
				SDKROOT = iphoneos;
				SWIFT_COMPILATION_MODE = wholemodule;
				SWIFT_OPTIMIZATION_LEVEL = "-O";
				VALIDATE_PRODUCT = YES;
			};
			name = Release;
		};
		C14C201D20A2809C008CE960 /* Debug */ = {
			isa = XCBuildConfiguration;
			buildSettings = {
				ASSETCATALOG_COMPILER_APPICON_NAME = AppIcon;
				CODE_SIGN_STYLE = Automatic;
				DEVELOPMENT_TEAM = KTTGU94DH6;
				INFOPLIST_FILE = "Bored Games/Info.plist";
				LD_RUNPATH_SEARCH_PATHS = (
					"$(inherited)",
					"@executable_path/Frameworks",
				);
				PRODUCT_BUNDLE_IDENTIFIER = "MaddGaming.Bored-Games";
				PRODUCT_NAME = "$(TARGET_NAME)";
				SWIFT_VERSION = 4.0;
				TARGETED_DEVICE_FAMILY = "1,2";
			};
			name = Debug;
		};
		C14C201E20A2809C008CE960 /* Release */ = {
			isa = XCBuildConfiguration;
			buildSettings = {
				ASSETCATALOG_COMPILER_APPICON_NAME = AppIcon;
				CODE_SIGN_STYLE = Automatic;
				DEVELOPMENT_TEAM = KTTGU94DH6;
				INFOPLIST_FILE = "Bored Games/Info.plist";
				LD_RUNPATH_SEARCH_PATHS = (
					"$(inherited)",
					"@executable_path/Frameworks",
				);
				PRODUCT_BUNDLE_IDENTIFIER = "MaddGaming.Bored-Games";
				PRODUCT_NAME = "$(TARGET_NAME)";
				SWIFT_VERSION = 4.0;
				TARGETED_DEVICE_FAMILY = "1,2";
			};
			name = Release;
		};
/* End XCBuildConfiguration section */

/* Begin XCConfigurationList section */
		C14C200520A2809B008CE960 /* Build configuration list for PBXProject "Bored Games" */ = {
			isa = XCConfigurationList;
			buildConfigurations = (
				C14C201A20A2809C008CE960 /* Debug */,
				C14C201B20A2809C008CE960 /* Release */,
			);
			defaultConfigurationIsVisible = 0;
			defaultConfigurationName = Release;
		};
		C14C201C20A2809C008CE960 /* Build configuration list for PBXNativeTarget "Bored Games" */ = {
			isa = XCConfigurationList;
			buildConfigurations = (
				C14C201D20A2809C008CE960 /* Debug */,
				C14C201E20A2809C008CE960 /* Release */,
			);
			defaultConfigurationIsVisible = 0;
			defaultConfigurationName = Release;
		};
/* End XCConfigurationList section */
	};
	rootObject = C14C200220A2809B008CE960 /* Project object */;
}
